# THIS IS AN AUTOGENERATED FILE. DO NOT EDIT THIS FILE DIRECTLY.
# yarn lockfile v1


"@tabler/icons@^3.44.0":
  version "3.44.0"
  resolved "https://registry.yarnpkg.com/@tabler/icons/-/icons-3.44.0.tgz#286b203aac98591e27360de03974762568bbb272"
  integrity sha512-Wn0AOZG9sg0L+bjfMqq4eNhC6pQjIrk94LvvWYNYkY8KH8wC3YILRzQlrnVJc4FUeMxH/AK97QsYCX35H3LndA==

heroicons@^2.2.0:
  version "2.2.0"
  resolved "https://registry.yarnpkg.com/heroicons/-/heroicons-2.2.0.tgz#f1f554155152b4ec4d1b7165363d7c583690f77d"
  integrity sha512-yOwvztmNiBWqR946t+JdgZmyzEmnRMC2nxvHFC90bF1SUttwB6yJKYeme1JeEcBfobdOs827nCyiWBS2z/brog==
