# THIS IS AN AUTOGENERATED FILE. DO NOT EDIT THIS FILE DIRECTLY.
# yarn lockfile v1


"@tabler/icons@^3.47.0":
  version "3.47.0"
  resolved "https://registry.yarnpkg.com/@tabler/icons/-/icons-3.47.0.tgz#a77de6f7711551e7bfabf9995caf9a7200ba6be1"
  integrity sha512-aCbSemVrGvSA3w0sJi8mka6QrnQCN8wCD1jKNXXIR/h6Q4ffov/yFPyzjTULDM8ETtK4DABUZhWdYlygqy3npA==

heroicons@^2.2.0:
  version "2.2.0"
  resolved "https://registry.yarnpkg.com/heroicons/-/heroicons-2.2.0.tgz#f1f554155152b4ec4d1b7165363d7c583690f77d"
  integrity sha512-yOwvztmNiBWqR946t+JdgZmyzEmnRMC2nxvHFC90bF1SUttwB6yJKYeme1JeEcBfobdOs827nCyiWBS2z/brog==
