# THIS IS AN AUTOGENERATED FILE. DO NOT EDIT THIS FILE DIRECTLY.
# yarn lockfile v1


"@tabler/icons@^3.40.0":
  version "3.40.0"
  resolved "https://registry.yarnpkg.com/@tabler/icons/-/icons-3.40.0.tgz#44848a28e23153ca57e24ef69488213e74acf6d4"
  integrity sha512-V/Q4VgNPKubRTiLdmWjV/zscYcj5IIk+euicUtaVVqF6luSC9rDngYWgST5/yh3Mrg/mYUwRv1YVTk71Jp0twQ==

heroicons@^2.2.0:
  version "2.2.0"
  resolved "https://registry.yarnpkg.com/heroicons/-/heroicons-2.2.0.tgz#f1f554155152b4ec4d1b7165363d7c583690f77d"
  integrity sha512-yOwvztmNiBWqR946t+JdgZmyzEmnRMC2nxvHFC90bF1SUttwB6yJKYeme1JeEcBfobdOs827nCyiWBS2z/brog==
